github.com/skeptycal/godebug v0.0.0-20201204055301-a14dce425f4c h1:LHmn9CNnnYgLiY/cZoG5bUmavcSfuNR18EaFycP0lvg=
github.com/skeptycal/godebug v0.0.0-20201204055301-a14dce425f4c/go.mod h1:wAQQM4hd4JKjVW3q8EPYAkym5844+NrndcWRIEwB38M=
github.com/skeptycal/util v0.0.0-20201202203118-5e3fcccec15f h1:PP48JM5hMnD8Icz28fBFzXBCtsGpQUrSc2OJqiuysuo=
